
Microsoft Visual Studio Solution File, Format Version 12.00
# Visual Studio 14
VisualStudioVersion = 14.0.25420.1
MinimumVisualStudioVersion = 10.0.40219.1
Project("{E24C65DC-7377-472B-9ABA-BC803B73C61A}") = "TestApp", "..\MaasPrompt\TestApp\", "{74D91420-F093-4609-8DBB-190BF47ED786}"
	ProjectSection(WebsiteProperties) = preProject
		TargetFrameworkMoniker = ".NETFramework,Version%3Dv4.5"
		Debug.AspNetCompiler.VirtualPath = "/localhost_54405"
		Debug.AspNetCompiler.PhysicalPath = "..\MaasPrompt\TestApp\"
		Debug.AspNetCompiler.TargetPath = "PrecompiledWeb\localhost_54405\"
		Debug.AspNetCompiler.Updateable = "true"
		Debug.AspNetCompiler.ForceOverwrite = "true"
		Debug.AspNetCompiler.FixedNames = "false"
		Debug.AspNetCompiler.Debug = "True"
		Release.AspNetCompiler.VirtualPath = "/localhost_54405"
		Release.AspNetCompiler.PhysicalPath = "..\MaasPrompt\TestApp\"
		Release.AspNetCompiler.TargetPath = "PrecompiledWeb\localhost_54405\"
		Release.AspNetCompiler.Updateable = "true"
		Release.AspNetCompiler.ForceOverwrite = "true"
		Release.AspNetCompiler.FixedNames = "false"
		Release.AspNetCompiler.Debug = "False"
		VWDPort = "54405"
		SlnRelativePath = "..\MaasPrompt\TestApp\"
		DefaultWebSiteLanguage = "Visual C#"
	EndProjectSection
EndProject
Global
	GlobalSection(SolutionConfigurationPlatforms) = preSolution
		Debug|Any CPU = Debug|Any CPU
		Debug|x64 = Debug|x64
		Release|Any CPU = Release|Any CPU
		Release|x64 = Release|x64
	EndGlobalSection
	GlobalSection(ProjectConfigurationPlatforms) = postSolution
		{74D91420-F093-4609-8DBB-190BF47ED786}.Debug|Any CPU.ActiveCfg = Debug|Any CPU
		{74D91420-F093-4609-8DBB-190BF47ED786}.Debug|Any CPU.Build.0 = Debug|Any CPU
		{74D91420-F093-4609-8DBB-190BF47ED786}.Debug|x64.ActiveCfg = Debug|Any CPU
		{74D91420-F093-4609-8DBB-190BF47ED786}.Debug|x64.Build.0 = Debug|Any CPU
		{74D91420-F093-4609-8DBB-190BF47ED786}.Release|Any CPU.ActiveCfg = Debug|Any CPU
		{74D91420-F093-4609-8DBB-190BF47ED786}.Release|Any CPU.Build.0 = Debug|Any CPU
		{74D91420-F093-4609-8DBB-190BF47ED786}.Release|x64.ActiveCfg = Debug|Any CPU
		{74D91420-F093-4609-8DBB-190BF47ED786}.Release|x64.Build.0 = Debug|Any CPU
	EndGlobalSection
	GlobalSection(SolutionProperties) = preSolution
		HideSolutionNode = FALSE
	EndGlobalSection
EndGlobal
